// !$*UTF8*$!
{
	archiveVersion = 1;
	classes = {
	};
	objectVersion = 46;
	objects = {

/* Begin PBXBuildFile section */
		A1ACA9D11DED360100FC4E14 /* AppDelegate.swift in Sources */ = {isa = PBXBuildFile; fileRef = A1ACA9D01DED360100FC4E14 /* AppDelegate.swift */; };
		A1ACA9D31DED360100FC4E14 /* ViewController.swift in Sources */ = {isa = PBXBuildFile; fileRef = A1ACA9D21DED360100FC4E14 /* ViewController.swift */; };
		A1ACA9D61DED360100FC4E14 /* Main.storyboard in Resources */ = {isa = PBXBuildFile; fileRef = A1ACA9D41DED360100FC4E14 /* Main.storyboard */; };
		A1ACA9D81DED360100FC4E14 /* Assets.xcassets in Resources */ = {isa = PBXBuildFile; fileRef = A1ACA9D71DED360100FC4E14 /* Assets.xcassets */; };
		A1ACA9DB1DED360100FC4E14 /* LaunchScreen.storyboard in Resources */ = {isa = PBXBuildFile; fileRef = A1ACA9D91DED360100FC4E14 /* LaunchScreen.storyboard */; };
/* End PBXBuildFile section */

/* Begin PBXFileReference section */
		A1ACA9CD1DED360100FC4E14 /* MT-Demo.app */ = {isa = PBXFileReference; explicitFileType = wrapper.application; includeInIndex = 0; path = "MT-Demo.app"; sourceTree = BUILT_PRODUCTS_DIR; };
		A1ACA9D01DED360100FC4E14 /* AppDelegate.swift */ = {isa = PBXFileReference; lastKnownFileType = sourcecode.swift; path = AppDelegate.swift; sourceTree = "<group>"; };
		A1ACA9D21DED360100FC4E14 /* ViewController.swift */ = {isa = PBXFileReference; lastKnownFileType = sourcecode.swift; path = ViewController.swift; sourceTree = "<group>"; };
		A1ACA9D51DED360100FC4E14 /* Base */ = {isa = PBXFileReference; lastKnownFileType = file.storyboard; name = Base; path = Base.lproj/Main.storyboard; sourceTree = "<group>"; };
		A1ACA9D71DED360100FC4E14 /* Assets.xcassets */ = {isa = PBXFileReference; lastKnownFileType = folder.assetcatalog; path = Assets.xcassets; sourceTree = "<group>"; };
		A1ACA9DA1DED360100FC4E14 /* Base */ = {isa = PBXFileReference; lastKnownFileType = file.storyboard; name = Base; path = Base.lproj/LaunchScreen.storyboard; sourceTree = "<group>"; };
		A1ACA9DC1DED360100FC4E14 /* Info.plist */ = {isa = PBXFileReference; lastKnownFileType = text.plist.xml; path = Info.plist; sourceTree = "<group>"; };
/* End PBXFileReference section */

/* Begin PBXFrameworksBuildPhase section */
		A1ACA9CA1DED360000FC4E14 /* Frameworks */ = {
			isa = PBXFrameworksBuildPhase;
			buildActionMask = 2147483647;
			files = (
			);
			runOnlyForDeploymentPostprocessing = 0;
		};
/* End PBXFrameworksBuildPhase section */

/* Begin PBXGroup section */
		A1ACA9C41DED360000FC4E14 = {
			isa = PBXGroup;
			children = (
				A1ACA9CF1DED360100FC4E14 /* MT-Demo */,
				A1ACA9CE1DED360100FC4E14 /* Products */,
			);
			sourceTree = "<group>";
		};
		A1ACA9CE1DED360100FC4E14 /* Products */ = {
			isa = PBXGroup;
			children = (
				A1ACA9CD1DED360100FC4E14 /* MT-Demo.app */,
			);
			name = Products;
			sourceTree = "<group>";
		};
		A1ACA9CF1DED360100FC4E14 /* MT-Demo */ = {
			isa = PBXGroup;
			children = (
				A1ACA9D01DED360100FC4E14 /* AppDelegate.swift */,
				A1ACA9D21DED360100FC4E14 /* ViewController.swift */,
				A1ACA9D41DED360100FC4E14 /* Main.storyboard */,
				A1ACA9D71DED360100FC4E14 /* Assets.xcassets */,
				A1ACA9D91DED360100FC4E14 /* LaunchScreen.storyboard */,
				A1ACA9DC1DED360100FC4E14 /* Info.plist */,
			);
			path = "MT-Demo";
			sourceTree = "<group>";
		};
/* End PBXGroup section */

/* Begin PBXNativeTarget section */
		A1ACA9CC1DED360000FC4E14 /* MT-Demo */ = {
			isa = PBXNativeTarget;
			buildConfigurationList = A1ACA9DF1DED360100FC4E14 /* Build configuration list for PBXNativeTarget "MT-Demo" */;
			buildPhases = (
				A1ACA9C91DED360000FC4E14 /* Sources */,
				A1ACA9CA1DED360000FC4E14 /* Frameworks */,
				A1ACA9CB1DED360000FC4E14 /* Resources */,
			);
			buildRules = (
			);
			dependencies = (
			);
			name = "MT-Demo";
			productName = "MT-Demo";
			productReference = A1ACA9CD1DED360100FC4E14 /* MT-Demo.app */;
			productType = "com.apple.product-type.application";
		};
/* End PBXNativeTarget section */

/* Begin PBXProject section */
		A1ACA9C51DED360000FC4E14 /* Project object */ = {
			isa = PBXProject;
			attributes = {
				LastSwiftUpdateCheck = 0810;
				LastUpgradeCheck = 0810;
				ORGANIZATIONNAME = Sheldon;
				TargetAttributes = {
					A1ACA9CC1DED360000FC4E14 = {
						CreatedOnToolsVersion = 8.1;
						DevelopmentTeam = 4RQ5BSF882;
						ProvisioningStyle = Automatic;
					};
				};
			};
			buildConfigurationList = A1ACA9C81DED360000FC4E14 /* Build configuration list for PBXProject "MT-Demo" */;
			compatibilityVersion = "Xcode 3.2";
			developmentRegion = English;
			hasScannedForEncodings = 0;
			knownRegions = (
				en,
				Base,
			);
			mainGroup = A1ACA9C41DED360000FC4E14;
			productRefGroup = A1ACA9CE1DED360100FC4E14 /* Products */;
			projectDirPath = "";
			projectRoot = "";
			targets = (
				A1ACA9CC1DED360000FC4E14 /* MT-Demo */,
			);
		};
/* End PBXProject section */

/* Begin PBXResourcesBuildPhase section */
		A1ACA9CB1DED360000FC4E14 /* Resources */ = {
			isa = PBXResourcesBuildPhase;
			buildActionMask = 2147483647;
			files = (
				A1ACA9DB1DED360100FC4E14 /* LaunchScreen.storyboard in Resources */,
				A1ACA9D81DED360100FC4E14 /* Assets.xcassets in Resources */,
				A1ACA9D61DED360100FC4E14 /* Main.storyboard in Resources */,
			);
			runOnlyForDeploymentPostprocessing = 0;
		};
/* End PBXResourcesBuildPhase section */

/* Begin PBXSourcesBuildPhase section */
		A1ACA9C91DED360000FC4E14 /* Sources */ = {
			isa = PBXSourcesBuildPhase;
			buildActionMask = 2147483647;
			files = (
				A1ACA9D31DED360100FC4E14 /* ViewController.swift in Sources */,
				A1ACA9D11DED360100FC4E14 /* AppDelegate.swift in Sources */,
			);
			runOnlyForDeploymentPostprocessing = 0;
		};
/* End PBXSourcesBuildPhase section */

/* Begin PBXVariantGroup section */
		A1ACA9D41DED360100FC4E14 /* Main.storyboard */ = {
			isa = PBXVariantGroup;
			children = (
				A1ACA9D51DED360100FC4E14 /* Base */,
			);
			name = Main.storyboard;
			sourceTree = "<group>";
		};
		A1ACA9D91DED360100FC4E14 /* LaunchScreen.storyboard */ = {
			isa = PBXVariantGroup;
			children = (
				A1ACA9DA1DED360100FC4E14 /* Base */,
			);
			name = LaunchScreen.storyboard;
			sourceTree = "<group>";
		};
/* End PBXVariantGroup section */

/* Begin XCBuildConfiguration section */
		A1ACA9DD1DED360100FC4E14 /* Debug */ = {
			isa = XCBuildConfiguration;
			buildSettings = {
				ALWAYS_SEARCH_USER_PATHS = NO;
				CLANG_ANALYZER_NONNULL = YES;
				CLANG_CXX_LANGUAGE_STANDARD = "gnu++0x";
				CLANG_CXX_LIBRARY = "libc++";
				CLANG_ENABLE_MODULES = YES;
				CLANG_ENABLE_OBJC_ARC = YES;
				CLANG_WARN_BOOL_CONVERSION = YES;
				CLANG_WARN_CONSTANT_CONVERSION = YES;
				CLANG_WARN_DIRECT_OBJC_ISA_USAGE = YES_ERROR;
				CLANG_WARN_DOCUMENTATION_COMMENTS = YES;
				CLANG_WARN_EMPTY_BODY = YES;
				CLANG_WARN_ENUM_CONVERSION = YES;
				CLANG_WARN_INFINITE_RECURSION = YES;
				CLANG_WARN_INT_CONVERSION = YES;
				CLANG_WARN_OBJC_ROOT_CLASS = YES_ERROR;
				CLANG_WARN_SUSPICIOUS_MOVES = YES;
				CLANG_WARN_UNREACHABLE_CODE = YES;
				CLANG_WARN__DUPLICATE_METHOD_MATCH = YES;
				"CODE_SIGN_IDENTITY[sdk=iphoneos*]" = "iPhone Developer";
				COPY_PHASE_STRIP = NO;
				DEBUG_INFORMATION_FORMAT = dwarf;
				ENABLE_STRICT_OBJC_MSGSEND = YES;
				ENABLE_TESTABILITY = YES;
				GCC_C_LANGUAGE_STANDARD = gnu99;
				GCC_DYNAMIC_NO_PIC = NO;
				GCC_NO_COMMON_BLOCKS = YES;
				GCC_OPTIMIZATION_LEVEL = 0;
				GCC_PREPROCESSOR_DEFINITIONS = (
					"DEBUG=1",
					"$(inherited)",
				);
				GCC_WARN_64_TO_32_BIT_CONVERSION = YES;
				GCC_WARN_ABOUT_RETURN_TYPE = YES_ERROR;
				GCC_WARN_UNDECLARED_SELECTOR = YES;
				GCC_WARN_UNINITIALIZED_AUTOS = YES_AGGRESSIVE;
				GCC_WARN_UNUSED_FUNCTION = YES;
				GCC_WARN_UNUSED_VARIABLE = YES;
				IPHONEOS_DEPLOYMENT_TARGET = 10.1;
				MTL_ENABLE_DEBUG_INFO = YES;
				ONLY_ACTIVE_ARCH = YES;
				SDKROOT = iphoneos;
				SWIFT_ACTIVE_COMPILATION_CONDITIONS = DEBUG;
				SWIFT_OPTIMIZATION_LEVEL = "-Onone";
				TARGETED_DEVICE_FAMILY = "1,2";
			};
			name = Debug;
		};
		A1ACA9DE1DED360100FC4E14 /* Release */ = {
			isa = XCBuildConfiguration;
			buildSettings = {
				ALWAYS_SEARCH_USER_PATHS = NO;
				CLANG_ANALYZER_NONNULL = YES;
				CLANG_CXX_LANGUAGE_STANDARD = "gnu++0x";
				CLANG_CXX_LIBRARY = "libc++";
				CLANG_ENABLE_MODULES = YES;
				CLANG_ENABLE_OBJC_ARC = YES;
				CLANG_WARN_BOOL_CONVERSION = YES;
				CLANG_WARN_CONSTANT_CONVERSION = YES;
				CLANG_WARN_DIRECT_OBJC_ISA_USAGE = YES_ERROR;
				CLANG_WARN_DOCUMENTATION_COMMENTS = YES;
				CLANG_WARN_EMPTY_BODY = YES;
				CLANG_WARN_ENUM_CONVERSION = YES;
				CLANG_WARN_INFINITE_RECURSION = YES;
				CLANG_WARN_INT_CONVERSION = YES;
				CLANG_WARN_OBJC_ROOT_CLASS = YES_ERROR;
				CLANG_WARN_SUSPICIOUS_MOVES = YES;
				CLANG_WARN_UNREACHABLE_CODE = YES;
				CLANG_WARN__DUPLICATE_METHOD_MATCH = YES;
				"CODE_SIGN_IDENTITY[sdk=iphoneos*]" = "iPhone Developer";
				COPY_PHASE_STRIP = NO;
				DEBUG_INFORMATION_FORMAT = "dwarf-with-dsym";
				ENABLE_NS_ASSERTIONS = NO;
				ENABLE_STRICT_OBJC_MSGSEND = YES;
				GCC_C_LANGUAGE_STANDARD = gnu99;
				GCC_NO_COMMON_BLOCKS = YES;
				GCC_WARN_64_TO_32_BIT_CONVERSION = YES;
				GCC_WARN_ABOUT_RETURN_TYPE = YES_ERROR;
				GCC_WARN_UNDECLARED_SELECTOR = YES;
				GCC_WARN_UNINITIALIZED_AUTOS = YES_AGGRESSIVE;
				GCC_WARN_UNUSED_FUNCTION = YES;
				GCC_WARN_UNUSED_VARIABLE = YES;
				IPHONEOS_DEPLOYMENT_TARGET = 10.1;
				MTL_ENABLE_DEBUG_INFO = NO;
				SDKROOT = iphoneos;
				SWIFT_OPTIMIZATION_LEVEL = "-Owholemodule";
				TARGETED_DEVICE_FAMILY = "1,2";
				VALIDATE_PRODUCT = YES;
			};
			name = Release;
		};
		A1ACA9E01DED360100FC4E14 /* Debug */ = {
			isa = XCBuildConfiguration;
			buildSettings = {
				ASSETCATALOG_COMPILER_APPICON_NAME = AppIcon;
				DEVELOPMENT_TEAM = 4RQ5BSF882;
				INFOPLIST_FILE = "MT-Demo/Info.plist";
				LD_RUNPATH_SEARCH_PATHS = "$(inherited) @executable_path/Frameworks";
				PRODUCT_BUNDLE_IDENTIFIER = "com.MT-Demo";
				PRODUCT_NAME = "$(TARGET_NAME)";
				SWIFT_VERSION = 3.0;
			};
			name = Debug;
		};
		A1ACA9E11DED360100FC4E14 /* Release */ = {
			isa = XCBuildConfiguration;
			buildSettings = {
				ASSETCATALOG_COMPILER_APPICON_NAME = AppIcon;
				DEVELOPMENT_TEAM = 4RQ5BSF882;
				INFOPLIST_FILE = "MT-Demo/Info.plist";
				LD_RUNPATH_SEARCH_PATHS = "$(inherited) @executable_path/Frameworks";
				PRODUCT_BUNDLE_IDENTIFIER = "com.MT-Demo";
				PRODUCT_NAME = "$(TARGET_NAME)";
				SWIFT_VERSION = 3.0;
			};
			name = Release;
		};
/* End XCBuildConfiguration section */

/* Begin XCConfigurationList section */
		A1ACA9C81DED360000FC4E14 /* Build configuration list for PBXProject "MT-Demo" */ = {
			isa = XCConfigurationList;
			buildConfigurations = (
				A1ACA9DD1DED360100FC4E14 /* Debug */,
				A1ACA9DE1DED360100FC4E14 /* Release */,
			);
			defaultConfigurationIsVisible = 0;
			defaultConfigurationName = Release;
		};
		A1ACA9DF1DED360100FC4E14 /* Build configuration list for PBXNativeTarget "MT-Demo" */ = {
			isa = XCConfigurationList;
			buildConfigurations = (
				A1ACA9E01DED360100FC4E14 /* Debug */,
				A1ACA9E11DED360100FC4E14 /* Release */,
			);
			defaultConfigurationIsVisible = 0;
		};
/* End XCConfigurationList section */
	};
	rootObject = A1ACA9C51DED360000FC4E14 /* Project object */;
}
